# This file is automatically @generated by Cargo.
# It is not intended for manual editing.
version = 4

[[package]]
name = "example"
version = "0.1.0"
dependencies = [
 "serde",
]

[[package]]
name = "serde"
version = "1.0.47"
source = "registry+https://github.com/rust-lang/crates.io-index"
checksum = "c9bc5ad5d354bc43e8ba78885f81650e6d4467a55716271b49d7ceeba739e21e"
